
Microsoft Visual Studio Solution File, Format Version 12.00
# Visual Studio Version 16
VisualStudioVersion = 16.0.30517.126
MinimumVisualStudioVersion = 10.0.40219.1
Project("{FAE04EC0-301F-11D3-BF4B-00C04F79EFBC}") = "HWID_Grabber", "HWID_Grabber\HWID_Grabber.csproj", "{E974CC5F-E1CC-464D-B887-340DCA42E655}"
EndProject
Global
	GlobalSection(SolutionConfigurationPlatforms) = preSolution
		Debug|Any CPU = Debug|Any CPU
		Release|Any CPU = Release|Any CPU
	EndGlobalSection
	GlobalSection(ProjectConfigurationPlatforms) = postSolution
		{E974CC5F-E1CC-464D-B887-340DCA42E655}.Debug|Any CPU.ActiveCfg = Debug|Any CPU
		{E974CC5F-E1CC-464D-B887-340DCA42E655}.Debug|Any CPU.Build.0 = Debug|Any CPU
		{E974CC5F-E1CC-464D-B887-340DCA42E655}.Release|Any CPU.ActiveCfg = Release|Any CPU
		{E974CC5F-E1CC-464D-B887-340DCA42E655}.Release|Any CPU.Build.0 = Release|Any CPU
	EndGlobalSection
	GlobalSection(SolutionProperties) = preSolution
		HideSolutionNode = FALSE
	EndGlobalSection
	GlobalSection(ExtensibilityGlobals) = postSolution
		SolutionGuid = {A83ADC7A-613D-481C-A66F-37572486AD5D}
	EndGlobalSection
EndGlobal
